
Microsoft Visual Studio Solution File, Format Version 12.00
# Visual Studio Version 17
VisualStudioVersion = 17.11.35327.3
MinimumVisualStudioVersion = 10.0.40219.1
Project("{FAE04EC0-301F-11D3-BF4B-00C04F79EFBC}") = "BarcodeScanner", "BarcodeScanner\BarcodeScanner.csproj", "{A12C88D2-239F-42E9-BE73-10B3EEA7FA95}"
EndProject
Project("{FAE04EC0-301F-11D3-BF4B-00C04F79EFBC}") = "BarcodeScannerDataModels", "BarcodeScannerDataModels\BarcodeScannerDataModels.csproj", "{204D3621-AEF8-4877-9007-A39C4B6CD74D}"
EndProject
Project("{FAE04EC0-301F-11D3-BF4B-00C04F79EFBC}") = "BarcodeScannerContracts", "BarcodeScannerContracts\BarcodeScannerContracts.csproj", "{3BC8DC0E-9DA7-4CA3-8628-B4305123F934}"
EndProject
Project("{FAE04EC0-301F-11D3-BF4B-00C04F79EFBC}") = "BarcodeScannerDatabaseImplement", "BarcodeScannerDatabaseImplement\BarcodeScannerDatabaseImplement.csproj", "{BF6CC075-C9A8-4DE8-B293-B1F33F161F4B}"
EndProject
Project("{FAE04EC0-301F-11D3-BF4B-00C04F79EFBC}") = "BarcodeScannerBusinessLogic", "BarcodeScannerBusinessLogic\BarcodeScannerBusinessLogic.csproj", "{12C32C01-5F13-4A13-8E4B-2DE0B67F4AD9}"
EndProject
Global
	GlobalSection(SolutionConfigurationPlatforms) = preSolution
		Debug|Any CPU = Debug|Any CPU
		Release|Any CPU = Release|Any CPU
	EndGlobalSection
	GlobalSection(ProjectConfigurationPlatforms) = postSolution
		{A12C88D2-239F-42E9-BE73-10B3EEA7FA95}.Debug|Any CPU.ActiveCfg = Debug|Any CPU
		{A12C88D2-239F-42E9-BE73-10B3EEA7FA95}.Debug|Any CPU.Build.0 = Debug|Any CPU
		{A12C88D2-239F-42E9-BE73-10B3EEA7FA95}.Release|Any CPU.ActiveCfg = Release|Any CPU
		{A12C88D2-239F-42E9-BE73-10B3EEA7FA95}.Release|Any CPU.Build.0 = Release|Any CPU
		{204D3621-AEF8-4877-9007-A39C4B6CD74D}.Debug|Any CPU.ActiveCfg = Debug|Any CPU
		{204D3621-AEF8-4877-9007-A39C4B6CD74D}.Debug|Any CPU.Build.0 = Debug|Any CPU
		{204D3621-AEF8-4877-9007-A39C4B6CD74D}.Release|Any CPU.ActiveCfg = Release|Any CPU
		{204D3621-AEF8-4877-9007-A39C4B6CD74D}.Release|Any CPU.Build.0 = Release|Any CPU
		{3BC8DC0E-9DA7-4CA3-8628-B4305123F934}.Debug|Any CPU.ActiveCfg = Debug|Any CPU
		{3BC8DC0E-9DA7-4CA3-8628-B4305123F934}.Debug|Any CPU.Build.0 = Debug|Any CPU
		{3BC8DC0E-9DA7-4CA3-8628-B4305123F934}.Release|Any CPU.ActiveCfg = Release|Any CPU
		{3BC8DC0E-9DA7-4CA3-8628-B4305123F934}.Release|Any CPU.Build.0 = Release|Any CPU
		{BF6CC075-C9A8-4DE8-B293-B1F33F161F4B}.Debug|Any CPU.ActiveCfg = Debug|Any CPU
		{BF6CC075-C9A8-4DE8-B293-B1F33F161F4B}.Debug|Any CPU.Build.0 = Debug|Any CPU
		{BF6CC075-C9A8-4DE8-B293-B1F33F161F4B}.Release|Any CPU.ActiveCfg = Release|Any CPU
		{BF6CC075-C9A8-4DE8-B293-B1F33F161F4B}.Release|Any CPU.Build.0 = Release|Any CPU
		{12C32C01-5F13-4A13-8E4B-2DE0B67F4AD9}.Debug|Any CPU.ActiveCfg = Debug|Any CPU
		{12C32C01-5F13-4A13-8E4B-2DE0B67F4AD9}.Debug|Any CPU.Build.0 = Debug|Any CPU
		{12C32C01-5F13-4A13-8E4B-2DE0B67F4AD9}.Release|Any CPU.ActiveCfg = Release|Any CPU
		{12C32C01-5F13-4A13-8E4B-2DE0B67F4AD9}.Release|Any CPU.Build.0 = Release|Any CPU
	EndGlobalSection
	GlobalSection(SolutionProperties) = preSolution
		HideSolutionNode = FALSE
	EndGlobalSection
	GlobalSection(ExtensibilityGlobals) = postSolution
		SolutionGuid = {C1684030-534F-4A96-BCD2-147C9A45F2B4}
	EndGlobalSection
EndGlobal
